{
  "originHash" : "1307480f9ffa6a0d90d6525f0aa56b714a6fe06e6e07a5cccc39f7a85955b15c",
  "pins" : [
    {
      "identity" : "hsauth-swift",
      "kind" : "remoteSourceControl",
      "location" : "https://github.com/aeoliux/hsauth-swift",
      "state" : {
        "branch" : "main",
        "revision" : "ad1cbea2c676db6ea3e956eab42f352d299415bf"
      }
    },
    {
      "identity" : "phc-winner-argon2",
      "kind" : "remoteSourceControl",
      "location" : "https://github.com/P-H-C/phc-winner-argon2.git",
      "state" : {
        "branch" : "master",
        "revision" : "f57e61e19229e23c4445b85494dbf7c07de721cb"
      }
    },
    {
      "identity" : "swift-crypto",
      "kind" : "remoteSourceControl",
      "location" : "https://github.com/apple/swift-crypto.git",
      "state" : {
        "revision" : "bc1c29221f6dfeb0ebbfbc98eb95cd3d4967868e",
        "version" : "3.4.0"
      }
    },
    {
      "identity" : "swift-libcrypto",
      "kind" : "remoteSourceControl",
      "location" : "https://github.com/M3DZIK/swift-libcrypto",
      "state" : {
        "branch" : "main",
        "revision" : "47c73c31acb97dcddbfd5a42a704a36dd6cb0b5b"
      }
    },
    {
      "identity" : "websocketclient",
      "kind" : "remoteSourceControl",
      "location" : "https://github.com/aeoliux/WebsocketClient",
      "state" : {
        "branch" : "main",
        "revision" : "d87ec1f7fceff880877b758434acdb597308493b"
      }
    }
  ],
  "version" : 3
}
